
Microsoft Visual Studio Solution File, Format Version 12.00
# Visual Studio Version 17
VisualStudioVersion = 17.6.33829.357
MinimumVisualStudioVersion = 10.0.40219.1
Project("{FAE04EC0-301F-11D3-BF4B-00C04F79EFBC}") = "P5", "P5.csproj", "{8056E4DC-8D6A-4382-BC42-E64C13192F04}"
EndProject
Global
	GlobalSection(SolutionConfigurationPlatforms) = preSolution
		Debug|Any CPU = Debug|Any CPU
		Release|Any CPU = Release|Any CPU
	EndGlobalSection
	GlobalSection(ProjectConfigurationPlatforms) = postSolution
		{8056E4DC-8D6A-4382-BC42-E64C13192F04}.Debug|Any CPU.ActiveCfg = Debug|Any CPU
		{8056E4DC-8D6A-4382-BC42-E64C13192F04}.Debug|Any CPU.Build.0 = Debug|Any CPU
		{8056E4DC-8D6A-4382-BC42-E64C13192F04}.Release|Any CPU.ActiveCfg = Release|Any CPU
		{8056E4DC-8D6A-4382-BC42-E64C13192F04}.Release|Any CPU.Build.0 = Release|Any CPU
	EndGlobalSection
	GlobalSection(SolutionProperties) = preSolution
		HideSolutionNode = FALSE
	EndGlobalSection
	GlobalSection(ExtensibilityGlobals) = postSolution
		SolutionGuid = {AADB9110-CE0A-4B33-BD3F-68E94D99CD4D}
	EndGlobalSection
EndGlobal
