
Microsoft Visual Studio Solution File, Format Version 12.00
# Visual Studio Version 17
VisualStudioVersion = 17.7.34031.279
MinimumVisualStudioVersion = 10.0.40219.1
Project("{FAE04EC0-301F-11D3-BF4B-00C04F79EFBC}") = "P1", "P1\P1.csproj", "{EE41C840-367E-4ED5-91D1-C8D42E401EAF}"
EndProject
Global
	GlobalSection(SolutionConfigurationPlatforms) = preSolution
		Debug|Any CPU = Debug|Any CPU
		Release|Any CPU = Release|Any CPU
	EndGlobalSection
	GlobalSection(ProjectConfigurationPlatforms) = postSolution
		{EE41C840-367E-4ED5-91D1-C8D42E401EAF}.Debug|Any CPU.ActiveCfg = Debug|Any CPU
		{EE41C840-367E-4ED5-91D1-C8D42E401EAF}.Debug|Any CPU.Build.0 = Debug|Any CPU
		{EE41C840-367E-4ED5-91D1-C8D42E401EAF}.Release|Any CPU.ActiveCfg = Release|Any CPU
		{EE41C840-367E-4ED5-91D1-C8D42E401EAF}.Release|Any CPU.Build.0 = Release|Any CPU
	EndGlobalSection
	GlobalSection(SolutionProperties) = preSolution
		HideSolutionNode = FALSE
	EndGlobalSection
	GlobalSection(ExtensibilityGlobals) = postSolution
		SolutionGuid = {A9D55000-D1AC-4934-BCD2-2A129951D77C}
	EndGlobalSection
EndGlobal
