
Microsoft Visual Studio Solution File, Format Version 12.00
# Visual Studio Version 17
VisualStudioVersion = 17.7.34031.279
MinimumVisualStudioVersion = 10.0.40219.1
Project("{FAE04EC0-301F-11D3-BF4B-00C04F79EFBC}") = "server", "server\server.csproj", "{F7F2FFAE-40A8-4E53-A407-C2EE3A77C52A}"
EndProject
Global
	GlobalSection(SolutionConfigurationPlatforms) = preSolution
		Debug|Any CPU = Debug|Any CPU
		Release|Any CPU = Release|Any CPU
	EndGlobalSection
	GlobalSection(ProjectConfigurationPlatforms) = postSolution
		{F7F2FFAE-40A8-4E53-A407-C2EE3A77C52A}.Debug|Any CPU.ActiveCfg = Debug|Any CPU
		{F7F2FFAE-40A8-4E53-A407-C2EE3A77C52A}.Debug|Any CPU.Build.0 = Debug|Any CPU
		{F7F2FFAE-40A8-4E53-A407-C2EE3A77C52A}.Release|Any CPU.ActiveCfg = Release|Any CPU
		{F7F2FFAE-40A8-4E53-A407-C2EE3A77C52A}.Release|Any CPU.Build.0 = Release|Any CPU
	EndGlobalSection
	GlobalSection(SolutionProperties) = preSolution
		HideSolutionNode = FALSE
	EndGlobalSection
	GlobalSection(ExtensibilityGlobals) = postSolution
		SolutionGuid = {6A868858-6093-414B-B35A-3608BDFD0D3C}
	EndGlobalSection
EndGlobal
