
Microsoft Visual Studio Solution File, Format Version 12.00
# Visual Studio Version 17
VisualStudioVersion = 17.7.34031.279
MinimumVisualStudioVersion = 10.0.40219.1
Project("{FAE04EC0-301F-11D3-BF4B-00C04F79EFBC}") = "WebApplication1", "WebApplication1\WebApplication1.csproj", "{52EF1C03-07C8-4664-A818-138E8C8F8BEB}"
EndProject
Global
	GlobalSection(SolutionConfigurationPlatforms) = preSolution
		Debug|Any CPU = Debug|Any CPU
		Release|Any CPU = Release|Any CPU
	EndGlobalSection
	GlobalSection(ProjectConfigurationPlatforms) = postSolution
		{52EF1C03-07C8-4664-A818-138E8C8F8BEB}.Debug|Any CPU.ActiveCfg = Debug|Any CPU
		{52EF1C03-07C8-4664-A818-138E8C8F8BEB}.Debug|Any CPU.Build.0 = Debug|Any CPU
		{52EF1C03-07C8-4664-A818-138E8C8F8BEB}.Release|Any CPU.ActiveCfg = Release|Any CPU
		{52EF1C03-07C8-4664-A818-138E8C8F8BEB}.Release|Any CPU.Build.0 = Release|Any CPU
	EndGlobalSection
	GlobalSection(SolutionProperties) = preSolution
		HideSolutionNode = FALSE
	EndGlobalSection
	GlobalSection(ExtensibilityGlobals) = postSolution
		SolutionGuid = {98D56C35-A36F-498A-9608-E6CC16A281CE}
	EndGlobalSection
EndGlobal
