
Microsoft Visual Studio Solution File, Format Version 12.00
# Visual Studio Version 17
VisualStudioVersion = 17.6.33829.357
MinimumVisualStudioVersion = 10.0.40219.1
Project("{FAE04EC0-301F-11D3-BF4B-00C04F79EFBC}") = "P2_PRE-BUILD_DELEGATES", "P2_PRE-BUILD_DELEGATES.csproj", "{003045F5-C641-42E0-897A-0345F674B351}"
EndProject
Global
	GlobalSection(SolutionConfigurationPlatforms) = preSolution
		Debug|Any CPU = Debug|Any CPU
		Release|Any CPU = Release|Any CPU
	EndGlobalSection
	GlobalSection(ProjectConfigurationPlatforms) = postSolution
		{003045F5-C641-42E0-897A-0345F674B351}.Debug|Any CPU.ActiveCfg = Debug|Any CPU
		{003045F5-C641-42E0-897A-0345F674B351}.Debug|Any CPU.Build.0 = Debug|Any CPU
		{003045F5-C641-42E0-897A-0345F674B351}.Release|Any CPU.ActiveCfg = Release|Any CPU
		{003045F5-C641-42E0-897A-0345F674B351}.Release|Any CPU.Build.0 = Release|Any CPU
	EndGlobalSection
	GlobalSection(SolutionProperties) = preSolution
		HideSolutionNode = FALSE
	EndGlobalSection
	GlobalSection(ExtensibilityGlobals) = postSolution
		SolutionGuid = {B2626DDD-6F84-472E-BCB9-4BA33B2F5E1D}
	EndGlobalSection
EndGlobal
