
Microsoft Visual Studio Solution File, Format Version 12.00
# Visual Studio Version 17
VisualStudioVersion = 17.7.34031.279
MinimumVisualStudioVersion = 10.0.40219.1
Project("{FAE04EC0-301F-11D3-BF4B-00C04F79EFBC}") = "Ecommerce_Appication", "Ecommerce_Appication\Ecommerce_Appication.csproj", "{AA8C1652-1BFD-49E4-BDA6-BD6DA0C20DE3}"
EndProject
Global
	GlobalSection(SolutionConfigurationPlatforms) = preSolution
		Debug|Any CPU = Debug|Any CPU
		Release|Any CPU = Release|Any CPU
	EndGlobalSection
	GlobalSection(ProjectConfigurationPlatforms) = postSolution
		{AA8C1652-1BFD-49E4-BDA6-BD6DA0C20DE3}.Debug|Any CPU.ActiveCfg = Debug|Any CPU
		{AA8C1652-1BFD-49E4-BDA6-BD6DA0C20DE3}.Debug|Any CPU.Build.0 = Debug|Any CPU
		{AA8C1652-1BFD-49E4-BDA6-BD6DA0C20DE3}.Release|Any CPU.ActiveCfg = Release|Any CPU
		{AA8C1652-1BFD-49E4-BDA6-BD6DA0C20DE3}.Release|Any CPU.Build.0 = Release|Any CPU
	EndGlobalSection
	GlobalSection(SolutionProperties) = preSolution
		HideSolutionNode = FALSE
	EndGlobalSection
	GlobalSection(ExtensibilityGlobals) = postSolution
		SolutionGuid = {F6CCE676-FB9D-4380-8021-805194FC3857}
	EndGlobalSection
EndGlobal
