
Microsoft Visual Studio Solution File, Format Version 12.00
# Visual Studio Version 17
VisualStudioVersion = 17.7.34031.279
MinimumVisualStudioVersion = 10.0.40219.1
Project("{FAE04EC0-301F-11D3-BF4B-00C04F79EFBC}") = "userManagment_Security", "userManagment_Security\userManagment_Security.csproj", "{A33DFC3A-AAEB-4574-8C07-F81EB76BD0F2}"
EndProject
Global
	GlobalSection(SolutionConfigurationPlatforms) = preSolution
		Debug|Any CPU = Debug|Any CPU
		Release|Any CPU = Release|Any CPU
	EndGlobalSection
	GlobalSection(ProjectConfigurationPlatforms) = postSolution
		{A33DFC3A-AAEB-4574-8C07-F81EB76BD0F2}.Debug|Any CPU.ActiveCfg = Debug|Any CPU
		{A33DFC3A-AAEB-4574-8C07-F81EB76BD0F2}.Debug|Any CPU.Build.0 = Debug|Any CPU
		{A33DFC3A-AAEB-4574-8C07-F81EB76BD0F2}.Release|Any CPU.ActiveCfg = Release|Any CPU
		{A33DFC3A-AAEB-4574-8C07-F81EB76BD0F2}.Release|Any CPU.Build.0 = Release|Any CPU
	EndGlobalSection
	GlobalSection(SolutionProperties) = preSolution
		HideSolutionNode = FALSE
	EndGlobalSection
	GlobalSection(ExtensibilityGlobals) = postSolution
		SolutionGuid = {3C8E42C7-FD55-41D9-B172-A0552D94CBE1}
	EndGlobalSection
EndGlobal
