
Microsoft Visual Studio Solution File, Format Version 12.00
# Visual Studio Version 17
VisualStudioVersion = 17.6.33829.357
MinimumVisualStudioVersion = 10.0.40219.1
Project("{FAE04EC0-301F-11D3-BF4B-00C04F79EFBC}") = "P4", "P4.csproj", "{BEDCFA59-AFE5-4A05-B639-43ACFA850253}"
EndProject
Global
	GlobalSection(SolutionConfigurationPlatforms) = preSolution
		Debug|Any CPU = Debug|Any CPU
		Release|Any CPU = Release|Any CPU
	EndGlobalSection
	GlobalSection(ProjectConfigurationPlatforms) = postSolution
		{BEDCFA59-AFE5-4A05-B639-43ACFA850253}.Debug|Any CPU.ActiveCfg = Debug|Any CPU
		{BEDCFA59-AFE5-4A05-B639-43ACFA850253}.Debug|Any CPU.Build.0 = Debug|Any CPU
		{BEDCFA59-AFE5-4A05-B639-43ACFA850253}.Release|Any CPU.ActiveCfg = Release|Any CPU
		{BEDCFA59-AFE5-4A05-B639-43ACFA850253}.Release|Any CPU.Build.0 = Release|Any CPU
	EndGlobalSection
	GlobalSection(SolutionProperties) = preSolution
		HideSolutionNode = FALSE
	EndGlobalSection
	GlobalSection(ExtensibilityGlobals) = postSolution
		SolutionGuid = {1B363EA5-5465-4DF5-8997-A8A7971BC9A1}
	EndGlobalSection
EndGlobal
